{
  "lockfileVersion": 1,
  "configVersion": 0,
  "workspaces": {
    "": {
      "name": "token-api",
      "dependencies": {
        "@clickhouse/client": "^1.12.0",
        "@clickhouse/client-web": "^1.12.0",
        "@hono/zod-validator": "^0.7.5",
        "@pinax/graph-networks-registry": "^0.7.1",
        "@web3icons/core": "^4.0.18",
        "@x402/core": "^2.11.0",
        "@x402/evm": "^2.11.0",
        "@x402/extensions": "^2.11.0",
        "@x402/hono": "^2.11.0",
        "@x402/svm": "^2.11.0",
        "commander": "^14.0.0",
        "dotenv": "^17.2.1",
        "hono": "^4.8.12",
        "hono-openapi": "^1.0.0",
        "tslog": "^4.9.3",
        "yaml": "^2.8.2",
        "zod": "^4.0.15",
      },
      "devDependencies": {
        "@biomejs/biome": "^2.1.4",
        "@types/bun": "^1.2.19",
        "typescript": "^5.9.2",
      },
    },
  },
  "packages": {
    "@adraffy/ens-normalize": ["@adraffy/ens-normalize@1.11.1", "", {}, "sha512-nhCBV3quEgesuf7c7KYfperqSS14T8bYuvJ8PcLJp6znkZpFc0AuW4qBtr8eKVyPPe/8RSr7sglCWPU5eaxwKQ=="],

    "@biomejs/biome": ["@biomejs/biome@2.3.5", "", { "optionalDependencies": { "@biomejs/cli-darwin-arm64": "2.3.5", "@biomejs/cli-darwin-x64": "2.3.5", "@biomejs/cli-linux-arm64": "2.3.5", "@biomejs/cli-linux-arm64-musl": "2.3.5", "@biomejs/cli-linux-x64": "2.3.5", "@biomejs/cli-linux-x64-musl": "2.3.5", "@biomejs/cli-win32-arm64": "2.3.5", "@biomejs/cli-win32-x64": "2.3.5" }, "bin": { "biome": "bin/biome" } }, "sha512-HvLhNlIlBIbAV77VysRIBEwp55oM/QAjQEin74QQX9Xb259/XP/D5AGGnZMOyF1el4zcvlNYYR3AyTMUV3ILhg=="],

    "@biomejs/cli-darwin-arm64": ["@biomejs/cli-darwin-arm64@2.3.5", "", { "os": "darwin", "cpu": "arm64" }, "sha512-fLdTur8cJU33HxHUUsii3GLx/TR0BsfQx8FkeqIiW33cGMtUD56fAtrh+2Fx1uhiCsVZlFh6iLKUU3pniZREQw=="],

    "@biomejs/cli-darwin-x64": ["@biomejs/cli-darwin-x64@2.3.5", "", { "os": "darwin", "cpu": "x64" }, "sha512-qpT8XDqeUlzrOW8zb4k3tjhT7rmvVRumhi2657I2aGcY4B+Ft5fNwDdZGACzn8zj7/K1fdWjgwYE3i2mSZ+vOA=="],

    "@biomejs/cli-linux-arm64": ["@biomejs/cli-linux-arm64@2.3.5", "", { "os": "linux", "cpu": "arm64" }, "sha512-u/pybjTBPGBHB66ku4pK1gj+Dxgx7/+Z0jAriZISPX1ocTO8aHh8x8e7Kb1rB4Ms0nA/SzjtNOVJ4exVavQBCw=="],

    "@biomejs/cli-linux-arm64-musl": ["@biomejs/cli-linux-arm64-musl@2.3.5", "", { "os": "linux", "cpu": "arm64" }, "sha512-eGUG7+hcLgGnMNl1KHVZUYxahYAhC462jF/wQolqu4qso2MSk32Q+QrpN7eN4jAHAg7FUMIo897muIhK4hXhqg=="],

    "@biomejs/cli-linux-x64": ["@biomejs/cli-linux-x64@2.3.5", "", { "os": "linux", "cpu": "x64" }, "sha512-XrIVi9YAW6ye0CGQ+yax0gLfx+BFOtKaNX74n+xHWla6Cl6huUmcKNO7HPx7BiKnJUzrxXY1qYlm7xMvi08X4g=="],

    "@biomejs/cli-linux-x64-musl": ["@biomejs/cli-linux-x64-musl@2.3.5", "", { "os": "linux", "cpu": "x64" }, "sha512-awVuycTPpVTH/+WDVnEEYSf6nbCBHf/4wB3lquwT7puhNg8R4XvonWNZzUsfHZrCkjkLhFH/vCZK5jHatD9FEg=="],

    "@biomejs/cli-win32-arm64": ["@biomejs/cli-win32-arm64@2.3.5", "", { "os": "win32", "cpu": "arm64" }, "sha512-DlBiMlBZZ9eIq4H7RimDSGsYcOtfOIfZOaI5CqsWiSlbTfqbPVfWtCf92wNzx8GNMbu1s7/g3ZZESr6+GwM/SA=="],

    "@biomejs/cli-win32-x64": ["@biomejs/cli-win32-x64@2.3.5", "", { "os": "win32", "cpu": "x64" }, "sha512-nUmR8gb6yvrKhtRgzwo/gDimPwnO5a4sCydf8ZS2kHIJhEmSmk+STsusr1LHTuM//wXppBawvSQi2xFXJCdgKQ=="],

    "@clickhouse/client": ["@clickhouse/client@1.13.0", "", { "dependencies": { "@clickhouse/client-common": "1.13.0" } }, "sha512-uK+zqPaJnAoq3QIOvUNbHtbWUhyg2A/aSbdJtrY2+kawp4SMBLcfIbB9ucRv5Yht1CAa3b24CiUlypkmgarukg=="],

    "@clickhouse/client-common": ["@clickhouse/client-common@1.13.0", "", {}, "sha512-QlGUMd3EaKkIRLCv0WW8Rw9cOlqhwQPT+ucNWY8eC4UALsMhJLpa0H7Cd7MYc9CEtTv/xlr3IcYw5Tdho4Hr2g=="],

    "@clickhouse/client-web": ["@clickhouse/client-web@1.13.0", "", { "dependencies": { "@clickhouse/client-common": "1.13.0" } }, "sha512-5kAIYzvxxkJ4MBwEQ9ShbT6hBgZ40y92bNphiv7kUhUCesBZxg74tEXP8ii+nIX/zCD2IZYPg82hpIMgKKpIew=="],

    "@hono/standard-validator": ["@hono/standard-validator@0.2.0", "", { "peerDependencies": { "@standard-schema/spec": "1.0.0", "hono": ">=3.9.0" } }, "sha512-pFq0UVAnjzXcDAgqFpDeVL3MOUPrlIh/kPqBDvbCYoThVhhS+Vf37VcdsakdOFFGiqoiYVxp3LifXFhGhp/rgQ=="],

    "@hono/zod-validator": ["@hono/zod-validator@0.7.5", "", { "peerDependencies": { "hono": ">=3.9.0", "zod": "^3.25.0 || ^4.0.0" } }, "sha512-n4l4hutkfYU07PzRUHBOVzUEn38VSfrh+UVE5d0w4lyfWDOEhzxIupqo5iakRiJL44c3vTuFJBvcmUl8b9agIA=="],

    "@noble/ciphers": ["@noble/ciphers@1.3.0", "", {}, "sha512-2I0gnIVPtfnMw9ee9h1dJG7tp81+8Ob3OJb3Mv37rx5L40/b0i7djjCVvGOVqc9AEIQyvyu1i6ypKdFw8R8gQw=="],

    "@noble/curves": ["@noble/curves@1.9.7", "", { "dependencies": { "@noble/hashes": "1.8.0" } }, "sha512-gbKGcRUYIjA3/zCCNaWDciTMFI0dCkvou3TL8Zmy5Nc7sJ47a0jtOeZoTaMxkuqRo9cRhjOdZJXegxYE5FN/xw=="],

    "@noble/hashes": ["@noble/hashes@1.8.0", "", {}, "sha512-jCs9ldd7NwzpgXDIf6P3+NrHh9/sD6CQdxHyjQI+h/6rDNo88ypBxxz45UDuZHz9r3tNz7N/VInSVoVdtXEI4A=="],

    "@pinax/graph-networks-registry": ["@pinax/graph-networks-registry@0.7.1", "", {}, "sha512-Gn2kXRiEd5COAaMY/aDCRO0V+zfb1uQKCu5HFPoWka+EsZW27AlTINA7JctYYYEMuCbjMia5FBOzskjgEvj6LA=="],

    "@scure/base": ["@scure/base@1.2.6", "", {}, "sha512-g/nm5FgUa//MCj1gV09zTJTaM6KBAHqLN907YVQqf7zC49+DcO4B1so4ZX07Ef10Twr6nuqYEH9GEggFXA4Fmg=="],

    "@scure/bip32": ["@scure/bip32@1.7.0", "", { "dependencies": { "@noble/curves": "~1.9.0", "@noble/hashes": "~1.8.0", "@scure/base": "~1.2.5" } }, "sha512-E4FFX/N3f4B80AKWp5dP6ow+flD1LQZo/w8UnLGYZO674jS6YnYeepycOOksv+vLPSpgN35wgKgy+ybfTb2SMw=="],

    "@scure/bip39": ["@scure/bip39@1.6.0", "", { "dependencies": { "@noble/hashes": "~1.8.0", "@scure/base": "~1.2.5" } }, "sha512-+lF0BbLiJNwVlev4eKelw1WWLaiKXw7sSl8T6FvBlWkdX+94aGJ4o8XjUdlyhTCjd8c+B3KT3JfS8P0bLRNU6A=="],

    "@signinwithethereum/siwe": ["@signinwithethereum/siwe@4.2.0", "", { "dependencies": { "@signinwithethereum/siwe-parser": "^4.2.0" }, "peerDependencies": { "ethers": "^5.7.0 || ^6.13.0", "viem": "^2.7.0" }, "optionalPeers": ["ethers", "viem"] }, "sha512-6W+oyKgMFUZRJI4o9P9mTMzrokkXfu3tq1/CfOJj9QrMqyPqujJqv1xnxUAqDQwWVyCA8TMg0Fxk/+gXrDg2Nw=="],

    "@signinwithethereum/siwe-parser": ["@signinwithethereum/siwe-parser@4.2.0", "", { "dependencies": { "@noble/hashes": "^1.7.0", "apg-js": "^4.4.0" } }, "sha512-e3edh8XpZrEjbzVYc0BZ4ySFOa8RKTZOQTafSf1E6ejCB5XcBH93jEpYmjzry1EEocgMNq4KlB3YunsFNCXakQ=="],

    "@solana-program/compute-budget": ["@solana-program/compute-budget@0.11.0", "", { "peerDependencies": { "@solana/kit": "^5.0" } }, "sha512-7f1ePqB/eURkTwTOO9TNIdUXZcyrZoX3Uy2hNo7cXMfNhPFWp9AVgIyRNBc2jf15sdUa9gNpW+PfP2iV8AYAaw=="],

    "@solana-program/token": ["@solana-program/token@0.9.0", "", { "peerDependencies": { "@solana/kit": "^5.0" } }, "sha512-vnZxndd4ED4Fc56sw93cWZ2djEeeOFxtaPS8SPf5+a+JZjKA/EnKqzbE1y04FuMhIVrLERQ8uR8H2h72eZzlsA=="],

    "@solana-program/token-2022": ["@solana-program/token-2022@0.6.1", "", { "peerDependencies": { "@solana/kit": "^5.0", "@solana/sysvars": "^5.0" } }, "sha512-Ex02cruDMGfBMvZZCrggVR45vdQQSI/unHVpt/7HPt/IwFYB4eTlXtO8otYZyqV/ce5GqZ8S6uwyRf0zy6fdbA=="],

    "@solana/accounts": ["@solana/accounts@6.8.0", "", { "dependencies": { "@solana/addresses": "6.8.0", "@solana/codecs-core": "6.8.0", "@solana/codecs-strings": "6.8.0", "@solana/errors": "6.8.0", "@solana/rpc-spec": "6.8.0", "@solana/rpc-types": "6.8.0" }, "peerDependencies": { "typescript": ">=5.0.0" }, "optionalPeers": ["typescript"] }, "sha512-rXjFYVopaEw1H2PTBQbRjKr+0i4EFuBEhRT5E0dI4cMaabSb4KKypC2gaf47+6cjU3hMlM1AcsyIs72/MqAVBw=="],

    "@solana/addresses": ["@solana/addresses@6.8.0", "", { "dependencies": { "@solana/assertions": "6.8.0", "@solana/codecs-core": "6.8.0", "@solana/codecs-strings": "6.8.0", "@solana/errors": "6.8.0", "@solana/nominal-types": "6.8.0" }, "peerDependencies": { "typescript": ">=5.0.0" }, "optionalPeers": ["typescript"] }, "sha512-xVlA0DNX1LVfTueVsbhxDDoqr1VxeXvgJEh2GcIN/vcJPhY3GE3AYtjTbJJmTDgPrzOccI0t6ElVb1gelJH/PQ=="],

    "@solana/assertions": ["@solana/assertions@6.8.0", "", { "dependencies": { "@solana/errors": "6.8.0" }, "peerDependencies": { "typescript": ">=5.0.0" }, "optionalPeers": ["typescript"] }, "sha512-OU6prCq39fSvGL8xY1C/9vhghasvAkMiRlituzJxzJpZRfpVRrwhzLd6P5NPAPoQ28qKcenA50kFdw9+ZyneJQ=="],

    "@solana/codecs": ["@solana/codecs@6.8.0", "", { "dependencies": { "@solana/codecs-core": "6.8.0", "@solana/codecs-data-structures": "6.8.0", "@solana/codecs-numbers": "6.8.0", "@solana/codecs-strings": "6.8.0", "@solana/options": "6.8.0" }, "peerDependencies": { "typescript": ">=5.0.0" }, "optionalPeers": ["typescript"] }, "sha512-qCSAaw1qszeQflavkIM7c21qJ3BHReP/qgDelZbhsEXpZc852CCZM00FOIWuxePr6X+JjSNqJquxwdDSoZe7Bw=="],

    "@solana/codecs-core": ["@solana/codecs-core@6.8.0", "", { "dependencies": { "@solana/errors": "6.8.0" }, "peerDependencies": { "typescript": ">=5.0.0" }, "optionalPeers": ["typescript"] }, "sha512-udFO8TrvzgROonwX3rY3E2SG675RehILNb4ZYcKlf1mL7vkDJ9bEJnBxi87AEwl8RWZFTl+MhT0MmrJnbpvdug=="],

    "@solana/codecs-data-structures": ["@solana/codecs-data-structures@6.8.0", "", { "dependencies": { "@solana/codecs-core": "6.8.0", "@solana/codecs-numbers": "6.8.0", "@solana/errors": "6.8.0" }, "peerDependencies": { "typescript": ">=5.0.0" }, "optionalPeers": ["typescript"] }, "sha512-lHr0F+nNwgm9c+tWQX398yzYh1qDi7QSCJpY9MQ2azW4FfY2IyPSo7bqzTaWNnJh9pmJx3ZI6jHfXBnLD5k/SQ=="],

    "@solana/codecs-numbers": ["@solana/codecs-numbers@6.8.0", "", { "dependencies": { "@solana/codecs-core": "6.8.0", "@solana/errors": "6.8.0" }, "peerDependencies": { "typescript": ">=5.0.0" }, "optionalPeers": ["typescript"] }, "sha512-ebf4f1D19EAe0uhdUYOCEYnn5+EellsBxbJ42tM2yYEoIBVz5FoBBC0gSsq+UTNbQHFa7XagyBT3LewxXttiTQ=="],

    "@solana/codecs-strings": ["@solana/codecs-strings@6.8.0", "", { "dependencies": { "@solana/codecs-core": "6.8.0", "@solana/codecs-numbers": "6.8.0", "@solana/errors": "6.8.0" }, "peerDependencies": { "fastestsmallesttextencoderdecoder": "^1.0.22", "typescript": ">=5.0.0" }, "optionalPeers": ["fastestsmallesttextencoderdecoder", "typescript"] }, "sha512-Rpk5NVhbKYcPnE7wz3IpTp0GVNVs0IYKdmyzByiimgPTiII8eb8ay4wQiYHGHrpYh62hD14Qy3GiGDFgipRKqA=="],

    "@solana/errors": ["@solana/errors@6.8.0", "", { "dependencies": { "chalk": "5.6.2", "commander": "14.0.3" }, "peerDependencies": { "typescript": ">=5.0.0" }, "optionalPeers": ["typescript"], "bin": { "errors": "bin/cli.mjs" } }, "sha512-HRTrLgTn0c99GKz4v4IKgz2+6soaRY1mh2tLW4sk1Fe4Zzv85Q6ZLK1mXrVGL73z1apyHDrr9/Sd/9ZhUsUvpA=="],

    "@solana/fast-stable-stringify": ["@solana/fast-stable-stringify@6.8.0", "", { "peerDependencies": { "typescript": ">=5.0.0" }, "optionalPeers": ["typescript"] }, "sha512-lZa3Qnsn+9ew6rHTXkPc+uqSa3i+AWqSBhV6oYxxBc+smvuxovItU4TPIs30cTfA7lAP+j+oYAQtUDu2dLy0hA=="],

    "@solana/functional": ["@solana/functional@6.8.0", "", { "peerDependencies": { "typescript": ">=5.0.0" }, "optionalPeers": ["typescript"] }, "sha512-oMSAD/8w9ujx7OplvwRWwHHFnaaxi/Xrji1XH3xAB+gzxupUpBbOmgxQ+e84x+9VN8QWk5aU3L7gmCqdTAR6OA=="],

    "@solana/instruction-plans": ["@solana/instruction-plans@6.8.0", "", { "dependencies": { "@solana/errors": "6.8.0", "@solana/instructions": "6.8.0", "@solana/keys": "6.8.0", "@solana/promises": "6.8.0", "@solana/transaction-messages": "6.8.0", "@solana/transactions": "6.8.0" }, "peerDependencies": { "typescript": ">=5.0.0" }, "optionalPeers": ["typescript"] }, "sha512-osAsY8ozqohrcTcHlG1EmO3i9flc0eESMIy9akTHyVvqk915gZgkaTmt4IjcYSwBGt7i+Rh8TmLj27RrTpCKvg=="],

    "@solana/instructions": ["@solana/instructions@6.8.0", "", { "dependencies": { "@solana/codecs-core": "6.8.0", "@solana/errors": "6.8.0" }, "peerDependencies": { "typescript": ">=5.0.0" }, "optionalPeers": ["typescript"] }, "sha512-dTtykhS9IeN3npCfnd7wSS6KmKAh54+g90JRtLYy5/31L2Zvunf3AJz2QUk58vgsAGZ5fuoiMyhCxRJm4rHUBQ=="],

    "@solana/keys": ["@solana/keys@6.8.0", "", { "dependencies": { "@solana/assertions": "6.8.0", "@solana/codecs-core": "6.8.0", "@solana/codecs-strings": "6.8.0", "@solana/errors": "6.8.0", "@solana/nominal-types": "6.8.0", "@solana/promises": "6.8.0" }, "peerDependencies": { "typescript": ">=5.0.0" }, "optionalPeers": ["typescript"] }, "sha512-Wo8CnbrVfCP1Jbsb3ElMej/3dmMrl4ArPhI1mDcqIIz/O4j4HmxZYbn2BCWtnV9V/LPM638EMO2r1x6GzDNrPA=="],

    "@solana/kit": ["@solana/kit@6.8.0", "", { "dependencies": { "@solana/accounts": "6.8.0", "@solana/addresses": "6.8.0", "@solana/codecs": "6.8.0", "@solana/errors": "6.8.0", "@solana/functional": "6.8.0", "@solana/instruction-plans": "6.8.0", "@solana/instructions": "6.8.0", "@solana/keys": "6.8.0", "@solana/offchain-messages": "6.8.0", "@solana/plugin-core": "6.8.0", "@solana/plugin-interfaces": "6.8.0", "@solana/program-client-core": "6.8.0", "@solana/programs": "6.8.0", "@solana/rpc": "6.8.0", "@solana/rpc-api": "6.8.0", "@solana/rpc-parsed-types": "6.8.0", "@solana/rpc-spec-types": "6.8.0", "@solana/rpc-subscriptions": "6.8.0", "@solana/rpc-types": "6.8.0", "@solana/signers": "6.8.0", "@solana/subscribable": "6.8.0", "@solana/sysvars": "6.8.0", "@solana/transaction-confirmation": "6.8.0", "@solana/transaction-messages": "6.8.0", "@solana/transactions": "6.8.0" }, "peerDependencies": { "typescript": ">=5.0.0" }, "optionalPeers": ["typescript"] }, "sha512-+McC1aCgcUBdM7Cd7U6k2ZHJ9OKCy5mzpb0XWrhkrgsFxT0QoRr0AcWJc85o6tIDfG6Jz7vVhbS3l8ugYz2Vzw=="],

    "@solana/nominal-types": ["@solana/nominal-types@6.8.0", "", { "peerDependencies": { "typescript": ">=5.0.0" }, "optionalPeers": ["typescript"] }, "sha512-mLmHr92pM4mEfe49GUmZ5Ry0RMqtMuFQqZYnxQqhDKMcl+Wtt820ezxYgwPhqcMxRzfqaQSO3ZxpSB0RlLBa/Q=="],

    "@solana/offchain-messages": ["@solana/offchain-messages@6.8.0", "", { "dependencies": { "@solana/addresses": "6.8.0", "@solana/codecs-core": "6.8.0", "@solana/codecs-data-structures": "6.8.0", "@solana/codecs-numbers": "6.8.0", "@solana/codecs-strings": "6.8.0", "@solana/errors": "6.8.0", "@solana/keys": "6.8.0", "@solana/nominal-types": "6.8.0" }, "peerDependencies": { "typescript": ">=5.0.0" }, "optionalPeers": ["typescript"] }, "sha512-HoniTs2uoCHGicD0dTTJ3YBhLZC9URxdXXUf0CHalLFwAidF9iNuB8dsuKk16Euu68L4/ERKKGfyC0QobBvahw=="],

    "@solana/options": ["@solana/options@6.8.0", "", { "dependencies": { "@solana/codecs-core": "6.8.0", "@solana/codecs-data-structures": "6.8.0", "@solana/codecs-numbers": "6.8.0", "@solana/codecs-strings": "6.8.0", "@solana/errors": "6.8.0" }, "peerDependencies": { "typescript": ">=5.0.0" }, "optionalPeers": ["typescript"] }, "sha512-T5441HHeucFaLtaMAJQJl79T7mX007oAFPunpPebBphRvCXGv+qQwQvqa4HkYct6Jf2O0aKLBL9GSe/kfdCk9A=="],

    "@solana/plugin-core": ["@solana/plugin-core@6.8.0", "", { "peerDependencies": { "typescript": ">=5.0.0" }, "optionalPeers": ["typescript"] }, "sha512-kdqFIhQvJP2BDUsMOIbor35esj8u78SO33Xv0Wmo+uTRg6yKONKVK53ghw235pWrinOT4f0VnVe6MN6ciYiQVA=="],

    "@solana/plugin-interfaces": ["@solana/plugin-interfaces@6.8.0", "", { "dependencies": { "@solana/addresses": "6.8.0", "@solana/instruction-plans": "6.8.0", "@solana/keys": "6.8.0", "@solana/rpc-spec": "6.8.0", "@solana/rpc-subscriptions-spec": "6.8.0", "@solana/rpc-types": "6.8.0", "@solana/signers": "6.8.0" }, "peerDependencies": { "typescript": ">=5.0.0" }, "optionalPeers": ["typescript"] }, "sha512-4olaMKGUVA7wG6BBWM5A31bQsUWBlfcL1pjhq6ZTqVEJ7vshHXGwHVlWYXYyYn9ixozGDpGSl553yaRY9jQwWw=="],

    "@solana/program-client-core": ["@solana/program-client-core@6.8.0", "", { "dependencies": { "@solana/accounts": "6.8.0", "@solana/addresses": "6.8.0", "@solana/codecs-core": "6.8.0", "@solana/errors": "6.8.0", "@solana/instruction-plans": "6.8.0", "@solana/instructions": "6.8.0", "@solana/plugin-interfaces": "6.8.0", "@solana/rpc-api": "6.8.0", "@solana/signers": "6.8.0" }, "peerDependencies": { "typescript": ">=5.0.0" }, "optionalPeers": ["typescript"] }, "sha512-eOZtEnwl+vdiy9x/rFF89NDtnvt+Q3H04A/0u4GoHnt+fFkQG3JS+ChWG9c77izmpmRuz5C1GptOPDGNDnIUgQ=="],

    "@solana/programs": ["@solana/programs@6.8.0", "", { "dependencies": { "@solana/addresses": "6.8.0", "@solana/errors": "6.8.0" }, "peerDependencies": { "typescript": ">=5.0.0" }, "optionalPeers": ["typescript"] }, "sha512-8hSKGfPTLX9Sm7KGV/UtiGCeSzptT/9vcjbodE+ZGHKFefo5vES4UAW+qD01LjL7IumGtMJvnfhCWt81qT/jbQ=="],

    "@solana/promises": ["@solana/promises@6.8.0", "", { "peerDependencies": { "typescript": ">=5.0.0" }, "optionalPeers": ["typescript"] }, "sha512-kIypZG83ZbADbrAq9/LS7LuWlVxlgJSzIpic75+9IuAfC3k5/KSus8LrvggBkCzfAyIslrUh70iz4JcnzUZrOw=="],

    "@solana/rpc": ["@solana/rpc@6.8.0", "", { "dependencies": { "@solana/errors": "6.8.0", "@solana/fast-stable-stringify": "6.8.0", "@solana/functional": "6.8.0", "@solana/rpc-api": "6.8.0", "@solana/rpc-spec": "6.8.0", "@solana/rpc-spec-types": "6.8.0", "@solana/rpc-transformers": "6.8.0", "@solana/rpc-transport-http": "6.8.0", "@solana/rpc-types": "6.8.0" }, "peerDependencies": { "typescript": ">=5.0.0" }, "optionalPeers": ["typescript"] }, "sha512-+jW4n9TDmBttY3bO3PdUo54GAnwFrd7UJsyfXoMgl/lWGQq5uddYDgnzQLtHOBP5zKslkR8h0RKkic0GZhMZrQ=="],

    "@solana/rpc-api": ["@solana/rpc-api@6.8.0", "", { "dependencies": { "@solana/addresses": "6.8.0", "@solana/codecs-core": "6.8.0", "@solana/codecs-strings": "6.8.0", "@solana/errors": "6.8.0", "@solana/keys": "6.8.0", "@solana/rpc-parsed-types": "6.8.0", "@solana/rpc-spec": "6.8.0", "@solana/rpc-transformers": "6.8.0", "@solana/rpc-types": "6.8.0", "@solana/transaction-messages": "6.8.0", "@solana/transactions": "6.8.0" }, "peerDependencies": { "typescript": ">=5.0.0" }, "optionalPeers": ["typescript"] }, "sha512-v8ZKWgPtKbF6HeJcfC4ciwI8mwDCizBtRLYYjjHOu+9S9IJYyefQzsQxL5P8OjJPpI4gFauT6gsjQLo76BoojA=="],

    "@solana/rpc-parsed-types": ["@solana/rpc-parsed-types@6.8.0", "", { "peerDependencies": { "typescript": ">=5.0.0" }, "optionalPeers": ["typescript"] }, "sha512-jYddZviBSUYbuUKqvNthet7KbJVI7me6xfRH2znv1SjIpmvhSPJcGN5QrlHVOasHdzEWSpvZa5VYDfnqH3aYvA=="],

    "@solana/rpc-spec": ["@solana/rpc-spec@6.8.0", "", { "dependencies": { "@solana/errors": "6.8.0", "@solana/rpc-spec-types": "6.8.0" }, "peerDependencies": { "typescript": ">=5.0.0" }, "optionalPeers": ["typescript"] }, "sha512-kE5uOspxCVFJKNUu73hlebGiAFosjfYXbbTXAbGKfksPzy84u1oJFC2IVIobLRnqUCw1x7oJcvfnX00Zs0Itpg=="],

    "@solana/rpc-spec-types": ["@solana/rpc-spec-types@6.8.0", "", { "peerDependencies": { "typescript": ">=5.0.0" }, "optionalPeers": ["typescript"] }, "sha512-ebCWgiQbIgFOehU7PdRFmYCzda3Azc/qa2Y3P8gexSHSsDAO27VwS4E05XSY+a7cIL5MYmvUa1vpDynl1Rkakw=="],

    "@solana/rpc-subscriptions": ["@solana/rpc-subscriptions@6.8.0", "", { "dependencies": { "@solana/errors": "6.8.0", "@solana/fast-stable-stringify": "6.8.0", "@solana/functional": "6.8.0", "@solana/promises": "6.8.0", "@solana/rpc-spec-types": "6.8.0", "@solana/rpc-subscriptions-api": "6.8.0", "@solana/rpc-subscriptions-channel-websocket": "6.8.0", "@solana/rpc-subscriptions-spec": "6.8.0", "@solana/rpc-transformers": "6.8.0", "@solana/rpc-types": "6.8.0", "@solana/subscribable": "6.8.0" }, "peerDependencies": { "typescript": ">=5.0.0" }, "optionalPeers": ["typescript"] }, "sha512-9CotreNZmKAP2z07FY1I7TPPvylKLFF5p4mujB5ZFMHQPp5JVQFVCmMIhSj5voZHAeYx7jdwJ2Kf0RDeClqJzA=="],

    "@solana/rpc-subscriptions-api": ["@solana/rpc-subscriptions-api@6.8.0", "", { "dependencies": { "@solana/addresses": "6.8.0", "@solana/keys": "6.8.0", "@solana/rpc-subscriptions-spec": "6.8.0", "@solana/rpc-transformers": "6.8.0", "@solana/rpc-types": "6.8.0", "@solana/transaction-messages": "6.8.0", "@solana/transactions": "6.8.0" }, "peerDependencies": { "typescript": ">=5.0.0" }, "optionalPeers": ["typescript"] }, "sha512-cPJOsydyoqkztW3msEH09wPDYqxJcMvO6DBlvrboq6wGu1UjeP66w2eApzQ8POoQHxhyw+CfEXl1Gbu6kKwuMQ=="],

    "@solana/rpc-subscriptions-channel-websocket": ["@solana/rpc-subscriptions-channel-websocket@6.8.0", "", { "dependencies": { "@solana/errors": "6.8.0", "@solana/functional": "6.8.0", "@solana/rpc-subscriptions-spec": "6.8.0", "@solana/subscribable": "6.8.0", "ws": "^8.19.0" }, "peerDependencies": { "typescript": ">=5.0.0" }, "optionalPeers": ["typescript"] }, "sha512-c3PpkorYwhAz1iuUfM5sLpZQi8xtZFGbaPbaPRELVeDjFSRzoa12KFnuQs4i9fbVbLy5Cnt1t23tf0bL2snZCQ=="],

    "@solana/rpc-subscriptions-spec": ["@solana/rpc-subscriptions-spec@6.8.0", "", { "dependencies": { "@solana/errors": "6.8.0", "@solana/promises": "6.8.0", "@solana/rpc-spec-types": "6.8.0", "@solana/subscribable": "6.8.0" }, "peerDependencies": { "typescript": ">=5.0.0" }, "optionalPeers": ["typescript"] }, "sha512-+t4L5q9qE6IVfunW3n1amA/3EswJr64pVqRF7234vCUuVUz4PgYfbqtEBV3KkA1o0NwEHHM3pXuofT63nBb8Bg=="],

    "@solana/rpc-transformers": ["@solana/rpc-transformers@6.8.0", "", { "dependencies": { "@solana/errors": "6.8.0", "@solana/functional": "6.8.0", "@solana/nominal-types": "6.8.0", "@solana/rpc-spec-types": "6.8.0", "@solana/rpc-types": "6.8.0" }, "peerDependencies": { "typescript": ">=5.0.0" }, "optionalPeers": ["typescript"] }, "sha512-GzcFkllym7eXbw7grdE41MCb15CjkibrXtr7EFsf4d6LD9DRvzFj2ZRYywS2FB2ibVP0LUXXGk3vmtkZJjfajA=="],

    "@solana/rpc-transport-http": ["@solana/rpc-transport-http@6.8.0", "", { "dependencies": { "@solana/errors": "6.8.0", "@solana/rpc-spec": "6.8.0", "@solana/rpc-spec-types": "6.8.0", "undici-types": "^8.0.0" }, "peerDependencies": { "typescript": ">=5.0.0" }, "optionalPeers": ["typescript"] }, "sha512-jw/L0q2motGcx7yo6KvkKJd2HGVg9gvViXatFloLl1XmHbkwE7+97YYmG17WRuM5xauzI/UGYOXNW7cEB+Uaxw=="],

    "@solana/rpc-types": ["@solana/rpc-types@6.8.0", "", { "dependencies": { "@solana/addresses": "6.8.0", "@solana/codecs-core": "6.8.0", "@solana/codecs-numbers": "6.8.0", "@solana/codecs-strings": "6.8.0", "@solana/errors": "6.8.0", "@solana/nominal-types": "6.8.0" }, "peerDependencies": { "typescript": ">=5.0.0" }, "optionalPeers": ["typescript"] }, "sha512-vACMV9VR2JsZGDcgaMOFN/dwLK57CsE+erassxxtF12sSPXJooz+Vu1vyY2Yp2EkCc7mDf7BNkTKvSXajbt+Qw=="],

    "@solana/signers": ["@solana/signers@6.8.0", "", { "dependencies": { "@solana/addresses": "6.8.0", "@solana/codecs-core": "6.8.0", "@solana/errors": "6.8.0", "@solana/instructions": "6.8.0", "@solana/keys": "6.8.0", "@solana/nominal-types": "6.8.0", "@solana/offchain-messages": "6.8.0", "@solana/transaction-messages": "6.8.0", "@solana/transactions": "6.8.0" }, "peerDependencies": { "typescript": ">=5.0.0" }, "optionalPeers": ["typescript"] }, "sha512-7E1cAXBLOcz9kmHhzWdu5m3UJlJzxfwOl8irOMLJI6NnKB2EmU0B0h4I+Mlfs9w8Bfj0WQpUei21ammbNBq39g=="],

    "@solana/subscribable": ["@solana/subscribable@6.8.0", "", { "dependencies": { "@solana/errors": "6.8.0" }, "peerDependencies": { "typescript": ">=5.0.0" }, "optionalPeers": ["typescript"] }, "sha512-yj41Q97MiWrOmLj1iRFobvTdtU6H5wz5BlH5FHJg9lyapy1YQyaYF37MZx4LiUj4Ww0V3ReluIZTWWDBOJ53Jg=="],

    "@solana/sysvars": ["@solana/sysvars@5.5.1", "", { "dependencies": { "@solana/accounts": "5.5.1", "@solana/codecs": "5.5.1", "@solana/errors": "5.5.1", "@solana/rpc-types": "5.5.1" }, "peerDependencies": { "typescript": "^5.0.0" }, "optionalPeers": ["typescript"] }, "sha512-k3Quq87Mm+geGUu1GWv6knPk0ALsfY6EKSJGw9xUJDHzY/RkYSBnh0RiOrUhtFm2TDNjOailg8/m0VHmi3reFA=="],

    "@solana/transaction-confirmation": ["@solana/transaction-confirmation@6.8.0", "", { "dependencies": { "@solana/addresses": "6.8.0", "@solana/codecs-strings": "6.8.0", "@solana/errors": "6.8.0", "@solana/keys": "6.8.0", "@solana/promises": "6.8.0", "@solana/rpc": "6.8.0", "@solana/rpc-subscriptions": "6.8.0", "@solana/rpc-types": "6.8.0", "@solana/transaction-messages": "6.8.0", "@solana/transactions": "6.8.0" }, "peerDependencies": { "typescript": ">=5.0.0" }, "optionalPeers": ["typescript"] }, "sha512-R6rj8y/+kZqYJr8FR/fWxgi3Pw3eCiacUyjCPTVtdVe6i+hIiBApTGLzXrSRJmAMdpZrjYBZU1cG8C6oAb+B2A=="],

    "@solana/transaction-messages": ["@solana/transaction-messages@6.8.0", "", { "dependencies": { "@solana/addresses": "6.8.0", "@solana/codecs-core": "6.8.0", "@solana/codecs-data-structures": "6.8.0", "@solana/codecs-numbers": "6.8.0", "@solana/errors": "6.8.0", "@solana/functional": "6.8.0", "@solana/instructions": "6.8.0", "@solana/nominal-types": "6.8.0", "@solana/rpc-types": "6.8.0" }, "peerDependencies": { "typescript": ">=5.0.0" }, "optionalPeers": ["typescript"] }, "sha512-jsJu9mAcN1x7onKOeC4WEvYP04UVcnkOYu/9bMe+S9jqjL+3DMy9kFZpV5FBl+TPuTNJrtOqc6Gc28hUWyyp1A=="],

    "@solana/transactions": ["@solana/transactions@6.8.0", "", { "dependencies": { "@solana/addresses": "6.8.0", "@solana/codecs-core": "6.8.0", "@solana/codecs-data-structures": "6.8.0", "@solana/codecs-numbers": "6.8.0", "@solana/codecs-strings": "6.8.0", "@solana/errors": "6.8.0", "@solana/functional": "6.8.0", "@solana/instructions": "6.8.0", "@solana/keys": "6.8.0", "@solana/nominal-types": "6.8.0", "@solana/rpc-types": "6.8.0", "@solana/transaction-messages": "6.8.0" }, "peerDependencies": { "typescript": ">=5.0.0" }, "optionalPeers": ["typescript"] }, "sha512-Q46m+o3C1yL2EIZBAP5B8ou2VZwHN9wTi+muIS6/giCKO3jwUtnTEbWcZEDMj2vxUb7P2WfwTluZb/VAWxlx7Q=="],

    "@standard-community/standard-json": ["@standard-community/standard-json@0.3.5", "", { "peerDependencies": { "@standard-schema/spec": "^1.0.0", "@types/json-schema": "^7.0.15", "@valibot/to-json-schema": "^1.3.0", "arktype": "^2.1.20", "effect": "^3.16.8", "quansync": "^0.2.11", "sury": "^10.0.0", "typebox": "^1.0.17", "valibot": "^1.1.0", "zod": "^3.25.0 || ^4.0.0", "zod-to-json-schema": "^3.24.5" }, "optionalPeers": ["@valibot/to-json-schema", "arktype", "effect", "sury", "typebox", "valibot", "zod", "zod-to-json-schema"] }, "sha512-4+ZPorwDRt47i+O7RjyuaxHRK/37QY/LmgxlGrRrSTLYoFatEOzvqIc85GTlM18SFZ5E91C+v0o/M37wZPpUHA=="],

    "@standard-community/standard-openapi": ["@standard-community/standard-openapi@0.2.8", "", { "peerDependencies": { "@standard-community/standard-json": "^0.3.5", "@standard-schema/spec": "^1.0.0", "arktype": "^2.1.20", "effect": "^3.17.14", "openapi-types": "^12.1.3", "sury": "^10.0.0", "typebox": "^1.0.0", "valibot": "^1.1.0", "zod": "^3.25.0 || ^4.0.0", "zod-openapi": "^4" }, "optionalPeers": ["arktype", "effect", "sury", "typebox", "valibot", "zod", "zod-openapi"] }, "sha512-80ap74p5oy/SU4al5HkPwO5+NbN2wH/FBr6kwaE5ROq7AvcDFaxzUfTazewroNaCotbvdGcvzXb9oEoOIyfC/Q=="],

    "@standard-schema/spec": ["@standard-schema/spec@1.0.0", "", {}, "sha512-m2bOd0f2RT9k8QJx1JN85cZYyH1RqFBdlwtkSlf4tBDYLCiiZnv1fIIwacK6cqwXavOydf0NPToMQgpKq+dVlA=="],

    "@types/bun": ["@types/bun@1.3.2", "", { "dependencies": { "bun-types": "1.3.2" } }, "sha512-t15P7k5UIgHKkxwnMNkJbWlh/617rkDGEdSsDbu+qNHTaz9SKf7aC8fiIlUdD5RPpH6GEkP0cK7WlvmrEBRtWg=="],

    "@types/json-schema": ["@types/json-schema@7.0.15", "", {}, "sha512-5+fP8P8MFNC+AyZCDxrB2pkZFPGzqQWUzpSeuuVLvm8VMcorNYavBqoFcxK8bQz4Qsbn4oUEEem4wDLfcysGHA=="],

    "@types/node": ["@types/node@24.10.1", "", { "dependencies": { "undici-types": "~7.16.0" } }, "sha512-GNWcUTRBgIRJD5zj+Tq0fKOJ5XZajIiBroOF0yvj2bSU1WvNdYS/dn9UxwsujGW4JX06dnHyjV2y9rRaybH0iQ=="],

    "@types/react": ["@types/react@19.2.5", "", { "dependencies": { "csstype": "^3.0.2" } }, "sha512-keKxkZMqnDicuvFoJbzrhbtdLSPhj/rZThDlKWCDbgXmUg0rEUFtRssDXKYmtXluZlIqiC5VqkCgRwzuyLHKHw=="],

    "@web3icons/common": ["@web3icons/common@0.11.28", "", { "peerDependencies": { "typescript": "^5.0.0" } }, "sha512-xUMDevMZH6gh6Bi0kpKXyTNqW8rL1Rdj1pqWTMVuGmbakMZU/bh9HhSF2xezRtqQULIE+9NS8ZiiionWq/RJug=="],

    "@web3icons/core": ["@web3icons/core@4.0.33", "", { "dependencies": { "@web3icons/common": "0.11.28" }, "peerDependencies": { "typescript": "^5.0.0" } }, "sha512-aR8cSGfE9agMHmQWlYJ9nQpkoPAB1SdaskNosZMTR+xSqnRt4xi+5W03TOYMzJlirfvK7/w48axapi49ci5GmA=="],

    "@x402/core": ["@x402/core@2.11.0", "", { "dependencies": { "zod": "^3.24.2" } }, "sha512-aqTfZc/BULrlWnd3I0lsqRQaH4gjJd8CsPcL16XqK2Lx5c6QDm+zCljgUVS1yj9BGJoZeQWTzI5hE+SVFkqMTw=="],

    "@x402/evm": ["@x402/evm@2.11.0", "", { "dependencies": { "@x402/core": "~2.11.0", "viem": "^2.39.3", "zod": "^3.24.2" } }, "sha512-F8uU1txDZA+wc/sEnmaHAyYvoTi/w39r7K3a44MmQHSxECDTEuB3A0FwbxOxUPLN1eyCxTAFKEiqlGe3bwybKA=="],

    "@x402/extensions": ["@x402/extensions@2.11.0", "", { "dependencies": { "@noble/curves": "^1.9.0", "@scure/base": "^1.2.6", "@signinwithethereum/siwe": "^4.1.0", "@x402/core": "~2.11.0", "ajv": "^8.17.1", "jose": "^5.9.6", "tweetnacl": "^1.0.3", "viem": "^2.43.5", "zod": "^3.24.2" } }, "sha512-S0SOoUsx4WtWqiWZuqslSzhopW/JcrEbnEC5l2sIQH/TABWzR0DgJLy36C43tD6TOJc0tEPN9bHuD+V8DYWomA=="],

    "@x402/hono": ["@x402/hono@2.11.0", "", { "dependencies": { "@x402/core": "~2.11.0", "@x402/extensions": "~2.11.0", "zod": "^3.24.2" }, "peerDependencies": { "@x402/paywall": "^2.11.0", "hono": "^4.0.0" }, "optionalPeers": ["@x402/paywall"] }, "sha512-myPsDNMeCLqQgk0O1Rbdx2kdpVNRumnnwiV3fTgSbiQzxiTWDc5IU/7fEWPSsXNbLtt9kB6eXWT9VxEkcJJolg=="],

    "@x402/svm": ["@x402/svm@2.11.0", "", { "dependencies": { "@solana-program/compute-budget": "^0.11.0", "@solana-program/token": "^0.9.0", "@solana-program/token-2022": "^0.6.1", "@x402/core": "~2.11.0" }, "peerDependencies": { "@solana/kit": ">=5.1.0" } }, "sha512-MmhLlEeb3FtgTxO4n3RkZszKEBBnYLfNnX8P3TvqVYP1u9gY2SgbYW4K3TsPAv00edCxoCOqYixI2JurYjW4Sw=="],

    "abitype": ["abitype@1.2.3", "", { "peerDependencies": { "typescript": ">=5.0.4", "zod": "^3.22.0 || ^4.0.0" }, "optionalPeers": ["typescript", "zod"] }, "sha512-Ofer5QUnuUdTFsBRwARMoWKOH1ND5ehwYhJ3OJ/BQO+StkwQjHw0XyVh4vDttzHB7QOFhPHa/o413PJ82gU/Tg=="],

    "ajv": ["ajv@8.20.0", "", { "dependencies": { "fast-deep-equal": "^3.1.3", "fast-uri": "^3.0.1", "json-schema-traverse": "^1.0.0", "require-from-string": "^2.0.2" } }, "sha512-Thbli+OlOj+iMPYFBVBfJ3OmCAnaSyNn4M1vz9T6Gka5Jt9ba/HIR56joy65tY6kx/FCF5VXNB819Y7/GUrBGA=="],

    "apg-js": ["apg-js@4.4.0", "", {}, "sha512-fefmXFknJmtgtNEXfPwZKYkMFX4Fyeyz+fNF6JWp87biGOPslJbCBVU158zvKRZfHBKnJDy8CMM40oLFGkXT8Q=="],

    "bun-types": ["bun-types@1.3.2", "", { "dependencies": { "@types/node": "*" }, "peerDependencies": { "@types/react": "^19" } }, "sha512-i/Gln4tbzKNuxP70OWhJRZz1MRfvqExowP7U6JKoI8cntFrtxg7RJK3jvz7wQW54UuvNC8tbKHHri5fy74FVqg=="],

    "chalk": ["chalk@5.6.2", "", {}, "sha512-7NzBL0rN6fMUW+f7A6Io4h40qQlG+xGmtMxfbnH/K7TAtt8JQWVQK+6g0UXKMeVJoyV5EkkNsErQ8pVD3bLHbA=="],

    "commander": ["commander@14.0.2", "", {}, "sha512-TywoWNNRbhoD0BXs1P3ZEScW8W5iKrnbithIl0YH+uCmBd0QpPOA8yc82DS3BIE5Ma6FnBVUsJ7wVUDz4dvOWQ=="],

    "csstype": ["csstype@3.2.2", "", {}, "sha512-D80T+tiqkd/8B0xNlbstWDG4x6aqVfO52+OlSUNIdkTvmNw0uQpJLeos2J/2XvpyidAFuTPmpad+tUxLndwj6g=="],

    "dotenv": ["dotenv@17.2.3", "", {}, "sha512-JVUnt+DUIzu87TABbhPmNfVdBDt18BLOWjMUFJMSi/Qqg7NTYtabbvSNJGOJ7afbRuv9D/lngizHtP7QyLQ+9w=="],

    "eventemitter3": ["eventemitter3@5.0.1", "", {}, "sha512-GWkBvjiSZK87ELrYOSESUYeVIc9mvLLf/nXalMOS5dYrgZq9o5OVkbZAVM06CVxYsCwH9BDZFPlQTlPA1j4ahA=="],

    "fast-deep-equal": ["fast-deep-equal@3.1.3", "", {}, "sha512-f3qQ9oQy9j2AhBe/H9VC91wLmKBCCU/gDOnKNAYG5hswO7BLKj09Hc5HYNz9cGI++xlpDCIgDaitVs03ATR84Q=="],

    "fast-uri": ["fast-uri@3.1.0", "", {}, "sha512-iPeeDKJSWf4IEOasVVrknXpaBV0IApz/gp7S2bb7Z4Lljbl2MGJRqInZiUrQwV16cpzw/D3S5j5Julj/gT52AA=="],

    "hono": ["hono@4.10.6", "", {}, "sha512-BIdolzGpDO9MQ4nu3AUuDwHZZ+KViNm+EZ75Ae55eMXMqLVhDFqEMXxtUe9Qh8hjL+pIna/frs2j6Y2yD5Ua/g=="],

    "hono-openapi": ["hono-openapi@1.1.1", "", { "peerDependencies": { "@hono/standard-validator": "^0.1.2", "@standard-community/standard-json": "^0.3.5", "@standard-community/standard-openapi": "^0.2.8", "@types/json-schema": "^7.0.15", "hono": "^4.8.3", "openapi-types": "^12.1.3" }, "optionalPeers": ["@hono/standard-validator", "hono"] }, "sha512-AC3HNhZYPHhnZdSy2Je7GDoTTNxPos6rKRQKVDBbSilY3cWJPqsxRnN6zA4pU7tfxmQEMTqkiLXbw6sAaemB8Q=="],

    "isows": ["isows@1.0.7", "", { "peerDependencies": { "ws": "*" } }, "sha512-I1fSfDCZL5P0v33sVqeTDSpcstAg/N+wF5HS033mogOVIp4B+oHC7oOCsA3axAbBSGTJ8QubbNmnIRN/h8U7hg=="],

    "jose": ["jose@5.10.0", "", {}, "sha512-s+3Al/p9g32Iq+oqXxkW//7jk2Vig6FF1CFqzVXoTUXt2qz89YWbL+OwS17NFYEvxC35n0FKeGO2LGYSxeM2Gg=="],

    "json-schema-traverse": ["json-schema-traverse@1.0.0", "", {}, "sha512-NM8/P9n3XjXhIZn1lLhkFaACTOURQXjWhV4BA/RnOv8xvgqtqpAX9IO4mRQxSx1Rlo4tqzeqb0sOlruaOy3dug=="],

    "openapi-types": ["openapi-types@12.1.3", "", {}, "sha512-N4YtSYJqghVu4iek2ZUvcN/0aqH1kRDuNqzcycDxhOUpg7GdvLa2F3DgS6yBNhInhv2r/6I0Flkn7CqL8+nIcw=="],

    "ox": ["ox@0.14.20", "", { "dependencies": { "@adraffy/ens-normalize": "^1.11.0", "@noble/ciphers": "^1.3.0", "@noble/curves": "1.9.1", "@noble/hashes": "^1.8.0", "@scure/bip32": "^1.7.0", "@scure/bip39": "^1.6.0", "abitype": "^1.2.3", "eventemitter3": "5.0.1" }, "peerDependencies": { "typescript": ">=5.4.0" }, "optionalPeers": ["typescript"] }, "sha512-rby38C3nDn8eQkf29Zgw4hkCZJ64Qqi0zRPWL8ENUQ7JVuoITqrVtwWQgM/He19SCMUEc7hS/Sjw0jIOSLJhOw=="],

    "quansync": ["quansync@0.2.11", "", {}, "sha512-AifT7QEbW9Nri4tAwR5M/uzpBuqfZf+zwaEM/QkzEjj7NBuFD2rBuy0K3dE+8wltbezDV7JMA0WfnCPYRSYbXA=="],

    "require-from-string": ["require-from-string@2.0.2", "", {}, "sha512-Xf0nWe6RseziFMu+Ap9biiUbmplq6S9/p+7w7YXP/JBHhrUDDUhwa+vANyubuqfZWTveU//DYVGsDG7RKL/vEw=="],

    "tslog": ["tslog@4.10.2", "", {}, "sha512-XuELoRpMR+sq8fuWwX7P0bcj+PRNiicOKDEb3fGNURhxWVyykCi9BNq7c4uVz7h7P0sj8qgBsr5SWS6yBClq3g=="],

    "tweetnacl": ["tweetnacl@1.0.3", "", {}, "sha512-6rt+RN7aOi1nGMyC4Xa5DdYiukl2UWCbcJft7YhxReBGQD7OAM8Pbxw6YMo4r2diNEA8FEmu32YOn9rhaiE5yw=="],

    "typescript": ["typescript@5.9.3", "", { "bin": { "tsc": "bin/tsc", "tsserver": "bin/tsserver" } }, "sha512-jl1vZzPDinLr9eUt3J/t7V6FgNEw9QjvBPdysz9KfQDD41fQrC2Y4vKQdiaUpFT4bXlb1RHhLpp8wtm6M5TgSw=="],

    "undici-types": ["undici-types@7.16.0", "", {}, "sha512-Zz+aZWSj8LE6zoxD+xrjh4VfkIG8Ya6LvYkZqtUQGJPZjYl53ypCaUwWqo7eI0x66KBGeRo+mlBEkMSeSZ38Nw=="],

    "viem": ["viem@2.48.8", "", { "dependencies": { "@noble/curves": "1.9.1", "@noble/hashes": "1.8.0", "@scure/bip32": "1.7.0", "@scure/bip39": "1.6.0", "abitype": "1.2.3", "isows": "1.0.7", "ox": "0.14.20", "ws": "8.18.3" }, "peerDependencies": { "typescript": ">=5.0.4" }, "optionalPeers": ["typescript"] }, "sha512-Xj3Nrt66SKtn06kczU91ELn9Difr84ZM5A62BTlaisT5lpgt058i2mBkfMZCXHGb1ocOLjzC2ztPhD0Lvky7uQ=="],

    "ws": ["ws@8.18.3", "", { "peerDependencies": { "bufferutil": "^4.0.1", "utf-8-validate": ">=5.0.2" }, "optionalPeers": ["bufferutil", "utf-8-validate"] }, "sha512-PEIGCY5tSlUt50cqyMXfCzX+oOPqN0vuGqWzbcJ2xvnkzkq46oOpz7dQaTDBdfICb4N14+GARUDw2XV2N4tvzg=="],

    "yaml": ["yaml@2.8.2", "", { "bin": { "yaml": "bin.mjs" } }, "sha512-mplynKqc1C2hTVYxd0PU2xQAc22TI1vShAYGksCCfxbn/dFwnHTNi1bvYsBTkhdUNtGIf5xNOg938rrSSYvS9A=="],

    "zod": ["zod@4.1.12", "", {}, "sha512-JInaHOamG8pt5+Ey8kGmdcAcg3OL9reK8ltczgHTAwNhMys/6ThXHityHxVV2p3fkw/c+MAvBHFVYHFZDmjMCQ=="],

    "zod-to-json-schema": ["zod-to-json-schema@3.24.6", "", { "peerDependencies": { "zod": "^3.24.1" } }, "sha512-h/z3PKvcTcTetyjl1fkj79MHNEjm+HpD6NXheWjzOekY7kV+lwDYnHw+ivHkijnCSMz1yJaWBD9vu/Fcmk+vEg=="],

    "@solana/errors/commander": ["commander@14.0.3", "", {}, "sha512-H+y0Jo/T1RZ9qPP4Eh1pkcQcLRglraJaSLoyOtHxu6AapkjWVCy2Sit1QQ4x3Dng8qDlSsZEet7g5Pq06MvTgw=="],

    "@solana/kit/@solana/sysvars": ["@solana/sysvars@6.8.0", "", { "dependencies": { "@solana/accounts": "6.8.0", "@solana/codecs-core": "6.8.0", "@solana/codecs-data-structures": "6.8.0", "@solana/codecs-numbers": "6.8.0", "@solana/errors": "6.8.0", "@solana/rpc-types": "6.8.0" }, "peerDependencies": { "typescript": ">=5.0.0" }, "optionalPeers": ["typescript"] }, "sha512-pwfMpMNL6MSmm07eHQYdTdRdzmPOd+EuVCCaNLSYdWGpYcocVJiaLiNWRV3cXA5wPj/ZFkoUGtc1bo0v7H50lw=="],

    "@solana/rpc-subscriptions-channel-websocket/ws": ["ws@8.20.0", "", { "peerDependencies": { "bufferutil": "^4.0.1", "utf-8-validate": ">=5.0.2" }, "optionalPeers": ["bufferutil", "utf-8-validate"] }, "sha512-sAt8BhgNbzCtgGbt2OxmpuryO63ZoDk/sqaB/znQm94T4fCEsy/yV+7CdC1kJhOU9lboAEU7R3kquuycDoibVA=="],

    "@solana/rpc-transport-http/undici-types": ["undici-types@8.2.0", "", {}, "sha512-uciYZ5yCmf+QJb18kJw10HjquzM7K0z992vWcI+84KeBpTfXT4hfgfGJ5DQbf/mCBPACofkrjvqgcjZfuujjFA=="],

    "@solana/sysvars/@solana/accounts": ["@solana/accounts@5.5.1", "", { "dependencies": { "@solana/addresses": "5.5.1", "@solana/codecs-core": "5.5.1", "@solana/codecs-strings": "5.5.1", "@solana/errors": "5.5.1", "@solana/rpc-spec": "5.5.1", "@solana/rpc-types": "5.5.1" }, "peerDependencies": { "typescript": "^5.0.0" }, "optionalPeers": ["typescript"] }, "sha512-TfOY9xixg5rizABuLVuZ9XI2x2tmWUC/OoN556xwfDlhBHBjKfszicYYOyD6nbFmwTGYarCmyGIdteXxTXIdhQ=="],

    "@solana/sysvars/@solana/codecs": ["@solana/codecs@5.5.1", "", { "dependencies": { "@solana/codecs-core": "5.5.1", "@solana/codecs-data-structures": "5.5.1", "@solana/codecs-numbers": "5.5.1", "@solana/codecs-strings": "5.5.1", "@solana/options": "5.5.1" }, "peerDependencies": { "typescript": "^5.0.0" }, "optionalPeers": ["typescript"] }, "sha512-Vea29nJub/bXjfzEV7ZZQ/PWr1pYLZo3z0qW0LQL37uKKVzVFRQlwetd7INk3YtTD3xm9WUYr7bCvYUk3uKy2g=="],

    "@solana/sysvars/@solana/errors": ["@solana/errors@5.5.1", "", { "dependencies": { "chalk": "5.6.2", "commander": "14.0.2" }, "peerDependencies": { "typescript": "^5.0.0" }, "optionalPeers": ["typescript"], "bin": { "errors": "bin/cli.mjs" } }, "sha512-vFO3p+S7HoyyrcAectnXbdsMfwUzY2zYFUc2DEe5BwpiE9J1IAxPBGjOWO6hL1bbYdBrlmjNx8DXCslqS+Kcmg=="],

    "@solana/sysvars/@solana/rpc-types": ["@solana/rpc-types@5.5.1", "", { "dependencies": { "@solana/addresses": "5.5.1", "@solana/codecs-core": "5.5.1", "@solana/codecs-numbers": "5.5.1", "@solana/codecs-strings": "5.5.1", "@solana/errors": "5.5.1", "@solana/nominal-types": "5.5.1" }, "peerDependencies": { "typescript": "^5.0.0" }, "optionalPeers": ["typescript"] }, "sha512-bibTFQ7PbHJJjGJPmfYC2I+/5CRFS4O2p9WwbFraX1Keeel+nRrt/NBXIy8veP5AEn2sVJIyJPpWBRpCx1oATA=="],

    "@x402/core/zod": ["zod@3.25.76", "", {}, "sha512-gzUt/qt81nXsFGKIFcC3YnfEAx5NkunCfnDlvuBSSFS02bcXu4Lmea0AFIUwbLWxWPx3d9p8S5QoaujKcNQxcQ=="],

    "@x402/evm/zod": ["zod@3.25.76", "", {}, "sha512-gzUt/qt81nXsFGKIFcC3YnfEAx5NkunCfnDlvuBSSFS02bcXu4Lmea0AFIUwbLWxWPx3d9p8S5QoaujKcNQxcQ=="],

    "@x402/extensions/zod": ["zod@3.25.76", "", {}, "sha512-gzUt/qt81nXsFGKIFcC3YnfEAx5NkunCfnDlvuBSSFS02bcXu4Lmea0AFIUwbLWxWPx3d9p8S5QoaujKcNQxcQ=="],

    "@x402/hono/zod": ["zod@3.25.76", "", {}, "sha512-gzUt/qt81nXsFGKIFcC3YnfEAx5NkunCfnDlvuBSSFS02bcXu4Lmea0AFIUwbLWxWPx3d9p8S5QoaujKcNQxcQ=="],

    "ox/@noble/curves": ["@noble/curves@1.9.1", "", { "dependencies": { "@noble/hashes": "1.8.0" } }, "sha512-k11yZxZg+t+gWvBbIswW0yoJlu8cHOC7dhunwOzoWH/mXGBiYyR4YY6hAEK/3EUs4UpB8la1RfdRpeGsFHkWsA=="],

    "viem/@noble/curves": ["@noble/curves@1.9.1", "", { "dependencies": { "@noble/hashes": "1.8.0" } }, "sha512-k11yZxZg+t+gWvBbIswW0yoJlu8cHOC7dhunwOzoWH/mXGBiYyR4YY6hAEK/3EUs4UpB8la1RfdRpeGsFHkWsA=="],

    "@solana/sysvars/@solana/accounts/@solana/addresses": ["@solana/addresses@5.5.1", "", { "dependencies": { "@solana/assertions": "5.5.1", "@solana/codecs-core": "5.5.1", "@solana/codecs-strings": "5.5.1", "@solana/errors": "5.5.1", "@solana/nominal-types": "5.5.1" }, "peerDependencies": { "typescript": "^5.0.0" }, "optionalPeers": ["typescript"] }, "sha512-5xoah3Q9G30HQghu/9BiHLb5pzlPKRC3zydQDmE3O9H//WfayxTFppsUDCL6FjYUHqj/wzK6CWHySglc2RkpdA=="],

    "@solana/sysvars/@solana/accounts/@solana/codecs-core": ["@solana/codecs-core@5.5.1", "", { "dependencies": { "@solana/errors": "5.5.1" }, "peerDependencies": { "typescript": "^5.0.0" }, "optionalPeers": ["typescript"] }, "sha512-TgBt//bbKBct0t6/MpA8ElaOA3sa8eYVvR7LGslCZ84WiAwwjCY0lW/lOYsFHJQzwREMdUyuEyy5YWBKtdh8Rw=="],

    "@solana/sysvars/@solana/accounts/@solana/codecs-strings": ["@solana/codecs-strings@5.5.1", "", { "dependencies": { "@solana/codecs-core": "5.5.1", "@solana/codecs-numbers": "5.5.1", "@solana/errors": "5.5.1" }, "peerDependencies": { "fastestsmallesttextencoderdecoder": "^1.0.22", "typescript": "^5.0.0" }, "optionalPeers": ["fastestsmallesttextencoderdecoder", "typescript"] }, "sha512-7klX4AhfHYA+uKKC/nxRGP2MntbYQCR3N6+v7bk1W/rSxYuhNmt+FN8aoThSZtWIKwN6BEyR1167ka8Co1+E7A=="],

    "@solana/sysvars/@solana/accounts/@solana/rpc-spec": ["@solana/rpc-spec@5.5.1", "", { "dependencies": { "@solana/errors": "5.5.1", "@solana/rpc-spec-types": "5.5.1" }, "peerDependencies": { "typescript": "^5.0.0" }, "optionalPeers": ["typescript"] }, "sha512-m3LX2bChm3E3by4mQrH4YwCAFY57QBzuUSWqlUw7ChuZ+oLLOq7b2czi4i6L4Vna67j3eCmB3e+4tqy1j5wy7Q=="],

    "@solana/sysvars/@solana/codecs/@solana/codecs-core": ["@solana/codecs-core@5.5.1", "", { "dependencies": { "@solana/errors": "5.5.1" }, "peerDependencies": { "typescript": "^5.0.0" }, "optionalPeers": ["typescript"] }, "sha512-TgBt//bbKBct0t6/MpA8ElaOA3sa8eYVvR7LGslCZ84WiAwwjCY0lW/lOYsFHJQzwREMdUyuEyy5YWBKtdh8Rw=="],

    "@solana/sysvars/@solana/codecs/@solana/codecs-data-structures": ["@solana/codecs-data-structures@5.5.1", "", { "dependencies": { "@solana/codecs-core": "5.5.1", "@solana/codecs-numbers": "5.5.1", "@solana/errors": "5.5.1" }, "peerDependencies": { "typescript": "^5.0.0" }, "optionalPeers": ["typescript"] }, "sha512-97bJWGyUY9WvBz3mX1UV3YPWGDTez6btCfD0ip3UVEXJbItVuUiOkzcO5iFDUtQT5riKT6xC+Mzl+0nO76gd0w=="],

    "@solana/sysvars/@solana/codecs/@solana/codecs-numbers": ["@solana/codecs-numbers@5.5.1", "", { "dependencies": { "@solana/codecs-core": "5.5.1", "@solana/errors": "5.5.1" }, "peerDependencies": { "typescript": "^5.0.0" }, "optionalPeers": ["typescript"] }, "sha512-rllMIZAHqmtvC0HO/dc/21wDuWaD0B8Ryv8o+YtsICQBuiL/0U4AGwH7Pi5GNFySYk0/crSuwfIqQFtmxNSPFw=="],

    "@solana/sysvars/@solana/codecs/@solana/codecs-strings": ["@solana/codecs-strings@5.5.1", "", { "dependencies": { "@solana/codecs-core": "5.5.1", "@solana/codecs-numbers": "5.5.1", "@solana/errors": "5.5.1" }, "peerDependencies": { "fastestsmallesttextencoderdecoder": "^1.0.22", "typescript": "^5.0.0" }, "optionalPeers": ["fastestsmallesttextencoderdecoder", "typescript"] }, "sha512-7klX4AhfHYA+uKKC/nxRGP2MntbYQCR3N6+v7bk1W/rSxYuhNmt+FN8aoThSZtWIKwN6BEyR1167ka8Co1+E7A=="],

    "@solana/sysvars/@solana/codecs/@solana/options": ["@solana/options@5.5.1", "", { "dependencies": { "@solana/codecs-core": "5.5.1", "@solana/codecs-data-structures": "5.5.1", "@solana/codecs-numbers": "5.5.1", "@solana/codecs-strings": "5.5.1", "@solana/errors": "5.5.1" }, "peerDependencies": { "typescript": "^5.0.0" }, "optionalPeers": ["typescript"] }, "sha512-eo971c9iLNLmk+yOFyo7yKIJzJ/zou6uKpy6mBuyb/thKtS/haiKIc3VLhyTXty3OH2PW8yOlORJnv4DexJB8A=="],

    "@solana/sysvars/@solana/rpc-types/@solana/addresses": ["@solana/addresses@5.5.1", "", { "dependencies": { "@solana/assertions": "5.5.1", "@solana/codecs-core": "5.5.1", "@solana/codecs-strings": "5.5.1", "@solana/errors": "5.5.1", "@solana/nominal-types": "5.5.1" }, "peerDependencies": { "typescript": "^5.0.0" }, "optionalPeers": ["typescript"] }, "sha512-5xoah3Q9G30HQghu/9BiHLb5pzlPKRC3zydQDmE3O9H//WfayxTFppsUDCL6FjYUHqj/wzK6CWHySglc2RkpdA=="],

    "@solana/sysvars/@solana/rpc-types/@solana/codecs-core": ["@solana/codecs-core@5.5.1", "", { "dependencies": { "@solana/errors": "5.5.1" }, "peerDependencies": { "typescript": "^5.0.0" }, "optionalPeers": ["typescript"] }, "sha512-TgBt//bbKBct0t6/MpA8ElaOA3sa8eYVvR7LGslCZ84WiAwwjCY0lW/lOYsFHJQzwREMdUyuEyy5YWBKtdh8Rw=="],

    "@solana/sysvars/@solana/rpc-types/@solana/codecs-numbers": ["@solana/codecs-numbers@5.5.1", "", { "dependencies": { "@solana/codecs-core": "5.5.1", "@solana/errors": "5.5.1" }, "peerDependencies": { "typescript": "^5.0.0" }, "optionalPeers": ["typescript"] }, "sha512-rllMIZAHqmtvC0HO/dc/21wDuWaD0B8Ryv8o+YtsICQBuiL/0U4AGwH7Pi5GNFySYk0/crSuwfIqQFtmxNSPFw=="],

    "@solana/sysvars/@solana/rpc-types/@solana/codecs-strings": ["@solana/codecs-strings@5.5.1", "", { "dependencies": { "@solana/codecs-core": "5.5.1", "@solana/codecs-numbers": "5.5.1", "@solana/errors": "5.5.1" }, "peerDependencies": { "fastestsmallesttextencoderdecoder": "^1.0.22", "typescript": "^5.0.0" }, "optionalPeers": ["fastestsmallesttextencoderdecoder", "typescript"] }, "sha512-7klX4AhfHYA+uKKC/nxRGP2MntbYQCR3N6+v7bk1W/rSxYuhNmt+FN8aoThSZtWIKwN6BEyR1167ka8Co1+E7A=="],

    "@solana/sysvars/@solana/rpc-types/@solana/nominal-types": ["@solana/nominal-types@5.5.1", "", { "peerDependencies": { "typescript": "^5.0.0" }, "optionalPeers": ["typescript"] }, "sha512-I1ImR+kfrLFxN5z22UDiTWLdRZeKtU0J/pkWkO8qm/8WxveiwdIv4hooi8pb6JnlR4mSrWhq0pCIOxDYrL9GIQ=="],

    "@solana/sysvars/@solana/accounts/@solana/addresses/@solana/assertions": ["@solana/assertions@5.5.1", "", { "dependencies": { "@solana/errors": "5.5.1" }, "peerDependencies": { "typescript": "^5.0.0" }, "optionalPeers": ["typescript"] }, "sha512-YTCSWAlGwSlVPnWtWLm3ukz81wH4j2YaCveK+TjpvUU88hTy6fmUqxi0+hvAMAe4zKXpJyj3Az7BrLJRxbIm4Q=="],

    "@solana/sysvars/@solana/accounts/@solana/addresses/@solana/nominal-types": ["@solana/nominal-types@5.5.1", "", { "peerDependencies": { "typescript": "^5.0.0" }, "optionalPeers": ["typescript"] }, "sha512-I1ImR+kfrLFxN5z22UDiTWLdRZeKtU0J/pkWkO8qm/8WxveiwdIv4hooi8pb6JnlR4mSrWhq0pCIOxDYrL9GIQ=="],

    "@solana/sysvars/@solana/accounts/@solana/codecs-strings/@solana/codecs-numbers": ["@solana/codecs-numbers@5.5.1", "", { "dependencies": { "@solana/codecs-core": "5.5.1", "@solana/errors": "5.5.1" }, "peerDependencies": { "typescript": "^5.0.0" }, "optionalPeers": ["typescript"] }, "sha512-rllMIZAHqmtvC0HO/dc/21wDuWaD0B8Ryv8o+YtsICQBuiL/0U4AGwH7Pi5GNFySYk0/crSuwfIqQFtmxNSPFw=="],

    "@solana/sysvars/@solana/accounts/@solana/rpc-spec/@solana/rpc-spec-types": ["@solana/rpc-spec-types@5.5.1", "", { "peerDependencies": { "typescript": "^5.0.0" }, "optionalPeers": ["typescript"] }, "sha512-6OFKtRpIEJQs8Jb2C4OO8KyP2h2Hy1MFhatMAoXA+0Ik8S3H+CicIuMZvGZ91mIu/tXicuOOsNNLu3HAkrakrw=="],

    "@solana/sysvars/@solana/rpc-types/@solana/addresses/@solana/assertions": ["@solana/assertions@5.5.1", "", { "dependencies": { "@solana/errors": "5.5.1" }, "peerDependencies": { "typescript": "^5.0.0" }, "optionalPeers": ["typescript"] }, "sha512-YTCSWAlGwSlVPnWtWLm3ukz81wH4j2YaCveK+TjpvUU88hTy6fmUqxi0+hvAMAe4zKXpJyj3Az7BrLJRxbIm4Q=="],
  }
}
